
Microsoft Visual Studio Solution File, Format Version 12.00
# Visual Studio Version 17
VisualStudioVersion = 17.6.33712.159
MinimumVisualStudioVersion = 10.0.40219.1
Project("{FAE04EC0-301F-11D3-BF4B-00C04F79EFBC}") = "JC.Colors", "JC.Colors.csproj", "{F4332E12-7D9E-493C-9A82-C8D9D96DA28A}"
EndProject
Project("{FAE04EC0-301F-11D3-BF4B-00C04F79EFBC}") = "JC.Color.UnitTest", "..\JC.Color.UnitTest\JC.Color.UnitTest.csproj", "{856CC678-0695-42AD-9EF0-209BFB5BF132}"
EndProject
Global
	GlobalSection(SolutionConfigurationPlatforms) = preSolution
		Debug|Any CPU = Debug|Any CPU
		Release|Any CPU = Release|Any CPU
	EndGlobalSection
	GlobalSection(ProjectConfigurationPlatforms) = postSolution
		{F4332E12-7D9E-493C-9A82-C8D9D96DA28A}.Debug|Any CPU.ActiveCfg = Debug|Any CPU
		{F4332E12-7D9E-493C-9A82-C8D9D96DA28A}.Debug|Any CPU.Build.0 = Debug|Any CPU
		{F4332E12-7D9E-493C-9A82-C8D9D96DA28A}.Release|Any CPU.ActiveCfg = Release|Any CPU
		{F4332E12-7D9E-493C-9A82-C8D9D96DA28A}.Release|Any CPU.Build.0 = Release|Any CPU
		{856CC678-0695-42AD-9EF0-209BFB5BF132}.Debug|Any CPU.ActiveCfg = Debug|Any CPU
		{856CC678-0695-42AD-9EF0-209BFB5BF132}.Debug|Any CPU.Build.0 = Debug|Any CPU
		{856CC678-0695-42AD-9EF0-209BFB5BF132}.Release|Any CPU.ActiveCfg = Release|Any CPU
		{856CC678-0695-42AD-9EF0-209BFB5BF132}.Release|Any CPU.Build.0 = Release|Any CPU
	EndGlobalSection
	GlobalSection(SolutionProperties) = preSolution
		HideSolutionNode = FALSE
	EndGlobalSection
	GlobalSection(ExtensibilityGlobals) = postSolution
		SolutionGuid = {D9ADE52E-D171-438E-94F3-904E63BA7221}
	EndGlobalSection
EndGlobal
